// !$*UTF8*$!
{
	archiveVersion = 1;
	classes = {
	};
	objectVersion = 50;
	objects = {

/* Begin PBXBuildFile section */
		690B9C122250470400FBEA77 /* NetWorkTool.m in Sources */ = {isa = PBXBuildFile; fileRef = 690B9C112250470400FBEA77 /* NetWorkTool.m */; };
		690B9C1A225054AC00FBEA77 /* HeaderView.m in Sources */ = {isa = PBXBuildFile; fileRef = 690B9C19225054AC00FBEA77 /* HeaderView.m */; };
		690B9C1D225060A400FBEA77 /* HaveSellBookCell.m in Sources */ = {isa = PBXBuildFile; fileRef = 690B9C1C225060A400FBEA77 /* HaveSellBookCell.m */; };
		690B9C202250B64400FBEA77 /* IssueViewController.m in Sources */ = {isa = PBXBuildFile; fileRef = 690B9C1F2250B64400FBEA77 /* IssueViewController.m */; };
		690B9C232250BCD000FBEA77 /* SubmitCell.m in Sources */ = {isa = PBXBuildFile; fileRef = 690B9C212250BCD000FBEA77 /* SubmitCell.m */; };
		690B9C262250C46300FBEA77 /* FooterView.m in Sources */ = {isa = PBXBuildFile; fileRef = 690B9C252250C46300FBEA77 /* FooterView.m */; };
		690B9C2B2250C9DD00FBEA77 /* buyBookCell.m in Sources */ = {isa = PBXBuildFile; fileRef = 690B9C2A2250C9DD00FBEA77 /* buyBookCell.m */; };
		690BF6722251A15F000C48C8 /* NSObject+YYModel.m in Sources */ = {isa = PBXBuildFile; fileRef = 690BF66E2251A15F000C48C8 /* NSObject+YYModel.m */; };
		690BF6732251A15F000C48C8 /* YYClassInfo.m in Sources */ = {isa = PBXBuildFile; fileRef = 690BF6702251A15F000C48C8 /* YYClassInfo.m */; };
		690BF6772251A527000C48C8 /* MyBookList.m in Sources */ = {isa = PBXBuildFile; fileRef = 690BF6762251A527000C48C8 /* MyBookList.m */; };
		690BF67A2251B132000C48C8 /* MyInfoModel.m in Sources */ = {isa = PBXBuildFile; fileRef = 690BF6792251B132000C48C8 /* MyInfoModel.m */; };
		690BF67D22523185000C48C8 /* ActivityCell.m in Sources */ = {isa = PBXBuildFile; fileRef = 690BF67B22523184000C48C8 /* ActivityCell.m */; };
		69178E6422561807004276B6 /* TakePartBookViewController.m in Sources */ = {isa = PBXBuildFile; fileRef = 69178E6322561807004276B6 /* TakePartBookViewController.m */; };
		69178E6722561859004276B6 /* BuyBookViewController.m in Sources */ = {isa = PBXBuildFile; fileRef = 69178E6622561859004276B6 /* BuyBookViewController.m */; };
		691BC553224F92A60051725A /* AppDelegate.m in Sources */ = {isa = PBXBuildFile; fileRef = 691BC552224F92A60051725A /* AppDelegate.m */; };
		691BC556224F92A60051725A /* ViewController.m in Sources */ = {isa = PBXBuildFile; fileRef = 691BC555224F92A60051725A /* ViewController.m */; };
		691BC559224F92A60051725A /* Main.storyboard in Resources */ = {isa = PBXBuildFile; fileRef = 691BC557224F92A60051725A /* Main.storyboard */; };
		691BC55B224F92C80051725A /* Assets.xcassets in Resources */ = {isa = PBXBuildFile; fileRef = 691BC55A224F92C80051725A /* Assets.xcassets */; };
		691BC55E224F92C80051725A /* LaunchScreen.storyboard in Resources */ = {isa = PBXBuildFile; fileRef = 691BC55C224F92C80051725A /* LaunchScreen.storyboard */; };
		691BC561224F92C80051725A /* main.m in Sources */ = {isa = PBXBuildFile; fileRef = 691BC560224F92C80051725A /* main.m */; };
		691BC56B224F92C80051725A /* BookRserveTests.m in Sources */ = {isa = PBXBuildFile; fileRef = 691BC56A224F92C80051725A /* BookRserveTests.m */; };
		691BC576224F92C80051725A /* BookRserveUITests.m in Sources */ = {isa = PBXBuildFile; fileRef = 691BC575224F92C80051725A /* BookRserveUITests.m */; };
		691BC587224F95C10051725A /* PublicTool.m in Sources */ = {isa = PBXBuildFile; fileRef = 691BC586224F95C10051725A /* PublicTool.m */; };
		691BC58B224F98E30051725A /* LoginView.m in Sources */ = {isa = PBXBuildFile; fileRef = 691BC58A224F98E30051725A /* LoginView.m */; };
		691BC592224FA5820051725A /* MainViewController.m in Sources */ = {isa = PBXBuildFile; fileRef = 691BC591224FA5820051725A /* MainViewController.m */; };
		691BC595224FA5990051725A /* TabTwoViewController.m in Sources */ = {isa = PBXBuildFile; fileRef = 691BC594224FA5990051725A /* TabTwoViewController.m */; };
		691BC598224FA5A60051725A /* TabThreeViewController.m in Sources */ = {isa = PBXBuildFile; fileRef = 691BC597224FA5A60051725A /* TabThreeViewController.m */; };
		691EAA2C225DA2D000450EE9 /* UIBezierPath+ZKPuzzlePathMaker.m in Sources */ = {isa = PBXBuildFile; fileRef = 691EAA26225DA2D000450EE9 /* UIBezierPath+ZKPuzzlePathMaker.m */; };
		691EAA2D225DA2D000450EE9 /* ZKPuzzlePathMaker.m in Sources */ = {isa = PBXBuildFile; fileRef = 691EAA28225DA2D000450EE9 /* ZKPuzzlePathMaker.m */; };
		691EAA2E225DA2D000450EE9 /* ZKPuzzleVerifyView.m in Sources */ = {isa = PBXBuildFile; fileRef = 691EAA2A225DA2D000450EE9 /* ZKPuzzleVerifyView.m */; };
		691EAA2F225DA2D000450EE9 /* ZKVerifyAlertView.m in Sources */ = {isa = PBXBuildFile; fileRef = 691EAA2B225DA2D000450EE9 /* ZKVerifyAlertView.m */; };
		691EAA3D225DA3A300450EE9 /* 1.jpg in Resources */ = {isa = PBXBuildFile; fileRef = 691EAA31225DA3A300450EE9 /* 1.jpg */; };
		691EAA3E225DA3A300450EE9 /* 10.jpg in Resources */ = {isa = PBXBuildFile; fileRef = 691EAA32225DA3A300450EE9 /* 10.jpg */; };
		691EAA3F225DA3A300450EE9 /* 11.jpg in Resources */ = {isa = PBXBuildFile; fileRef = 691EAA33225DA3A300450EE9 /* 11.jpg */; };
		691EAA40225DA3A300450EE9 /* 12.jpg in Resources */ = {isa = PBXBuildFile; fileRef = 691EAA34225DA3A300450EE9 /* 12.jpg */; };
		691EAA41225DA3A300450EE9 /* 2.jpg in Resources */ = {isa = PBXBuildFile; fileRef = 691EAA35225DA3A300450EE9 /* 2.jpg */; };
		691EAA42225DA3A300450EE9 /* 3.jpg in Resources */ = {isa = PBXBuildFile; fileRef = 691EAA36225DA3A300450EE9 /* 3.jpg */; };
		691EAA43225DA3A300450EE9 /* 4.jpg in Resources */ = {isa = PBXBuildFile; fileRef = 691EAA37225DA3A300450EE9 /* 4.jpg */; };
		691EAA44225DA3A300450EE9 /* 5.jpg in Resources */ = {isa = PBXBuildFile; fileRef = 691EAA38225DA3A300450EE9 /* 5.jpg */; };
		691EAA45225DA3A300450EE9 /* 6.jpg in Resources */ = {isa = PBXBuildFile; fileRef = 691EAA39225DA3A300450EE9 /* 6.jpg */; };
		691EAA46225DA3A300450EE9 /* 7.jpg in Resources */ = {isa = PBXBuildFile; fileRef = 691EAA3A225DA3A300450EE9 /* 7.jpg */; };
		691EAA47225DA3A300450EE9 /* 8.jpg in Resources */ = {isa = PBXBuildFile; fileRef = 691EAA3B225DA3A300450EE9 /* 8.jpg */; };
		691EAA48225DA3A300450EE9 /* 9.jpg in Resources */ = {isa = PBXBuildFile; fileRef = 691EAA3C225DA3A300450EE9 /* 9.jpg */; };
		692141C6225982980051BD2D /* PartyModel.m in Sources */ = {isa = PBXBuildFile; fileRef = 692141C5225982980051BD2D /* PartyModel.m */; };
		692141C92259831B0051BD2D /* GetPartyModel.m in Sources */ = {isa = PBXBuildFile; fileRef = 692141C82259831B0051BD2D /* GetPartyModel.m */; };
		6925A6E4225303DF0054FFD4 /* RegisterViewController.m in Sources */ = {isa = PBXBuildFile; fileRef = 6925A6E3225303DF0054FFD4 /* RegisterViewController.m */; };
		6925A6E7225303FB0054FFD4 /* RegisterView.m in Sources */ = {isa = PBXBuildFile; fileRef = 6925A6E6225303FB0054FFD4 /* RegisterView.m */; };
		6925A6FD22534DE50054FFD4 /* Base64.m in Sources */ = {isa = PBXBuildFile; fileRef = 6925A6F122534DE50054FFD4 /* Base64.m */; };
		6925A6FE22534DE50054FFD4 /* CocoaSecurity.m in Sources */ = {isa = PBXBuildFile; fileRef = 6925A6F322534DE50054FFD4 /* CocoaSecurity.m */; };
		6925A6FF22534DE50054FFD4 /* NSString+Hash.m in Sources */ = {isa = PBXBuildFile; fileRef = 6925A6F622534DE50054FFD4 /* NSString+Hash.m */; };
		6925A70022534DE50054FFD4 /* NSString+Encryption.m in Sources */ = {isa = PBXBuildFile; fileRef = 6925A6F922534DE50054FFD4 /* NSString+Encryption.m */; };
		6925A70122534DE50054FFD4 /* RSA.m in Sources */ = {isa = PBXBuildFile; fileRef = 6925A6FC22534DE50054FFD4 /* RSA.m */; };
		6925A70422539D740054FFD4 /* MyBookCell.m in Sources */ = {isa = PBXBuildFile; fileRef = 6925A70322539D740054FFD4 /* MyBookCell.m */; };
		692971BA225AE93B00EC8558 /* SettingViewController.m in Sources */ = {isa = PBXBuildFile; fileRef = 692971B9225AE93B00EC8558 /* SettingViewController.m */; };
		692971BD225AEDA700EC8558 /* AboutUsView.m in Sources */ = {isa = PBXBuildFile; fileRef = 692971BB225AEDA700EC8558 /* AboutUsView.m */; };
		CADBDFD1E8D8BF97613C80A9 /* libPods-BookRserve.a in Frameworks */ = {isa = PBXBuildFile; fileRef = 5F6D26C6ECCBE7C92F2F438F /* libPods-BookRserve.a */; };
/* End PBXBuildFile section */

/* Begin PBXContainerItemProxy section */
		691BC567224F92C80051725A /* PBXContainerItemProxy */ = {
			isa = PBXContainerItemProxy;
			containerPortal = 691BC546224F92A60051725A /* Project object */;
			proxyType = 1;
			remoteGlobalIDString = 691BC54D224F92A60051725A;
			remoteInfo = BookRserve;
		};
		691BC572224F92C80051725A /* PBXContainerItemProxy */ = {
			isa = PBXContainerItemProxy;
			containerPortal = 691BC546224F92A60051725A /* Project object */;
			proxyType = 1;
			remoteGlobalIDString = 691BC54D224F92A60051725A;
			remoteInfo = BookRserve;
		};
/* End PBXContainerItemProxy section */

/* Begin PBXFileReference section */
		5F6D26C6ECCBE7C92F2F438F /* libPods-BookRserve.a */ = {isa = PBXFileReference; explicitFileType = archive.ar; includeInIndex = 0; path = "libPods-BookRserve.a"; sourceTree = BUILT_PRODUCTS_DIR; };
		690B9C102250470400FBEA77 /* NetWorkTool.h */ = {isa = PBXFileReference; lastKnownFileType = sourcecode.c.h; path = NetWorkTool.h; sourceTree = "<group>"; };
		690B9C112250470400FBEA77 /* NetWorkTool.m */ = {isa = PBXFileReference; lastKnownFileType = sourcecode.c.objc; path = NetWorkTool.m; sourceTree = "<group>"; };
		690B9C18225054AC00FBEA77 /* HeaderView.h */ = {isa = PBXFileReference; lastKnownFileType = sourcecode.c.h; path = HeaderView.h; sourceTree = "<group>"; };
		690B9C19225054AC00FBEA77 /* HeaderView.m */ = {isa = PBXFileReference; lastKnownFileType = sourcecode.c.objc; path = HeaderView.m; sourceTree = "<group>"; };
		690B9C1B225060A400FBEA77 /* HaveSellBookCell.h */ = {isa = PBXFileReference; lastKnownFileType = sourcecode.c.h; path = HaveSellBookCell.h; sourceTree = "<group>"; };
		690B9C1C225060A400FBEA77 /* HaveSellBookCell.m */ = {isa = PBXFileReference; lastKnownFileType = sourcecode.c.objc; path = HaveSellBookCell.m; sourceTree = "<group>"; };
		690B9C1E2250B64400FBEA77 /* IssueViewController.h */ = {isa = PBXFileReference; lastKnownFileType = sourcecode.c.h; path = IssueViewController.h; sourceTree = "<group>"; };
		690B9C1F2250B64400FBEA77 /* IssueViewController.m */ = {isa = PBXFileReference; lastKnownFileType = sourcecode.c.objc; path = IssueViewController.m; sourceTree = "<group>"; };
		690B9C212250BCD000FBEA77 /* SubmitCell.m */ = {isa = PBXFileReference; fileEncoding = 4; lastKnownFileType = sourcecode.c.objc; path = SubmitCell.m; sourceTree = "<group>"; };
		690B9C222250BCD000FBEA77 /* SubmitCell.h */ = {isa = PBXFileReference; fileEncoding = 4; lastKnownFileType = sourcecode.c.h; path = SubmitCell.h; sourceTree = "<group>"; };
		690B9C242250C46300FBEA77 /* FooterView.h */ = {isa = PBXFileReference; lastKnownFileType = sourcecode.c.h; path = FooterView.h; sourceTree = "<group>"; };
		690B9C252250C46300FBEA77 /* FooterView.m */ = {isa = PBXFileReference; lastKnownFileType = sourcecode.c.objc; path = FooterView.m; sourceTree = "<group>"; };
		690B9C292250C9DD00FBEA77 /* buyBookCell.h */ = {isa = PBXFileReference; lastKnownFileType = sourcecode.c.h; path = buyBookCell.h; sourceTree = "<group>"; };
		690B9C2A2250C9DD00FBEA77 /* buyBookCell.m */ = {isa = PBXFileReference; lastKnownFileType = sourcecode.c.objc; path = buyBookCell.m; sourceTree = "<group>"; };
		690BF66D2251A15F000C48C8 /* NSObject+YYModel.h */ = {isa = PBXFileReference; fileEncoding = 4; lastKnownFileType = sourcecode.c.h; path = "NSObject+YYModel.h"; sourceTree = "<group>"; };
		690BF66E2251A15F000C48C8 /* NSObject+YYModel.m */ = {isa = PBXFileReference; fileEncoding = 4; lastKnownFileType = sourcecode.c.objc; path = "NSObject+YYModel.m"; sourceTree = "<group>"; };
		690BF66F2251A15F000C48C8 /* YYClassInfo.h */ = {isa = PBXFileReference; fileEncoding = 4; lastKnownFileType = sourcecode.c.h; path = YYClassInfo.h; sourceTree = "<group>"; };
		690BF6702251A15F000C48C8 /* YYClassInfo.m */ = {isa = PBXFileReference; fileEncoding = 4; lastKnownFileType = sourcecode.c.objc; path = YYClassInfo.m; sourceTree = "<group>"; };
		690BF6712251A15F000C48C8 /* YYModel.h */ = {isa = PBXFileReference; fileEncoding = 4; lastKnownFileType = sourcecode.c.h; path = YYModel.h; sourceTree = "<group>"; };
		690BF6752251A527000C48C8 /* MyBookList.h */ = {isa = PBXFileReference; lastKnownFileType = sourcecode.c.h; path = MyBookList.h; sourceTree = "<group>"; };
		690BF6762251A527000C48C8 /* MyBookList.m */ = {isa = PBXFileReference; lastKnownFileType = sourcecode.c.objc; path = MyBookList.m; sourceTree = "<group>"; };
		690BF6782251B132000C48C8 /* MyInfoModel.h */ = {isa = PBXFileReference; lastKnownFileType = sourcecode.c.h; path = MyInfoModel.h; sourceTree = "<group>"; };
		690BF6792251B132000C48C8 /* MyInfoModel.m */ = {isa = PBXFileReference; lastKnownFileType = sourcecode.c.objc; path = MyInfoModel.m; sourceTree = "<group>"; };
		690BF67B22523184000C48C8 /* ActivityCell.m */ = {isa = PBXFileReference; fileEncoding = 4; lastKnownFileType = sourcecode.c.objc; path = ActivityCell.m; sourceTree = "<group>"; };
		690BF67C22523185000C48C8 /* ActivityCell.h */ = {isa = PBXFileReference; fileEncoding = 4; lastKnownFileType = sourcecode.c.h; path = ActivityCell.h; sourceTree = "<group>"; };
		69178E6222561807004276B6 /* TakePartBookViewController.h */ = {isa = PBXFileReference; lastKnownFileType = sourcecode.c.h; path = TakePartBookViewController.h; sourceTree = "<group>"; };
		69178E6322561807004276B6 /* TakePartBookViewController.m */ = {isa = PBXFileReference; lastKnownFileType = sourcecode.c.objc; path = TakePartBookViewController.m; sourceTree = "<group>"; };
		69178E6522561859004276B6 /* BuyBookViewController.h */ = {isa = PBXFileReference; lastKnownFileType = sourcecode.c.h; path = BuyBookViewController.h; sourceTree = "<group>"; };
		69178E6622561859004276B6 /* BuyBookViewController.m */ = {isa = PBXFileReference; lastKnownFileType = sourcecode.c.objc; path = BuyBookViewController.m; sourceTree = "<group>"; };
		691BC54E224F92A60051725A /* BookRserve.app */ = {isa = PBXFileReference; explicitFileType = wrapper.application; includeInIndex = 0; path = BookRserve.app; sourceTree = BUILT_PRODUCTS_DIR; };
		691BC551224F92A60051725A /* AppDelegate.h */ = {isa = PBXFileReference; lastKnownFileType = sourcecode.c.h; path = AppDelegate.h; sourceTree = "<group>"; };
		691BC552224F92A60051725A /* AppDelegate.m */ = {isa = PBXFileReference; lastKnownFileType = sourcecode.c.objc; path = AppDelegate.m; sourceTree = "<group>"; };
		691BC554224F92A60051725A /* ViewController.h */ = {isa = PBXFileReference; lastKnownFileType = sourcecode.c.h; path = ViewController.h; sourceTree = "<group>"; };
		691BC555224F92A60051725A /* ViewController.m */ = {isa = PBXFileReference; lastKnownFileType = sourcecode.c.objc; path = ViewController.m; sourceTree = "<group>"; };
		691BC558224F92A60051725A /* Base */ = {isa = PBXFileReference; lastKnownFileType = file.storyboard; name = Base; path = Base.lproj/Main.storyboard; sourceTree = "<group>"; };
		691BC55A224F92C80051725A /* Assets.xcassets */ = {isa = PBXFileReference; lastKnownFileType = folder.assetcatalog; path = Assets.xcassets; sourceTree = "<group>"; };
		691BC55D224F92C80051725A /* Base */ = {isa = PBXFileReference; lastKnownFileType = file.storyboard; name = Base; path = Base.lproj/LaunchScreen.storyboard; sourceTree = "<group>"; };
		691BC55F224F92C80051725A /* Info.plist */ = {isa = PBXFileReference; lastKnownFileType = text.plist.xml; path = Info.plist; sourceTree = "<group>"; };
		691BC560224F92C80051725A /* main.m */ = {isa = PBXFileReference; lastKnownFileType = sourcecode.c.objc; path = main.m; sourceTree = "<group>"; };
		691BC566224F92C80051725A /* BookRserveTests.xctest */ = {isa = PBXFileReference; explicitFileType = wrapper.cfbundle; includeInIndex = 0; path = BookRserveTests.xctest; sourceTree = BUILT_PRODUCTS_DIR; };
		691BC56A224F92C80051725A /* BookRserveTests.m */ = {isa = PBXFileReference; lastKnownFileType = sourcecode.c.objc; path = BookRserveTests.m; sourceTree = "<group>"; };
		691BC56C224F92C80051725A /* Info.plist */ = {isa = PBXFileReference; lastKnownFileType = text.plist.xml; path = Info.plist; sourceTree = "<group>"; };
		691BC571224F92C80051725A /* BookRserveUITests.xctest */ = {isa = PBXFileReference; explicitFileType = wrapper.cfbundle; includeInIndex = 0; path = BookRserveUITests.xctest; sourceTree = BUILT_PRODUCTS_DIR; };
		691BC575224F92C80051725A /* BookRserveUITests.m */ = {isa = PBXFileReference; lastKnownFileType = sourcecode.c.objc; path = BookRserveUITests.m; sourceTree = "<group>"; };
		691BC577224F92C80051725A /* Info.plist */ = {isa = PBXFileReference; lastKnownFileType = text.plist.xml; path = Info.plist; sourceTree = "<group>"; };
		691BC585224F95C10051725A /* PublicTool.h */ = {isa = PBXFileReference; lastKnownFileType = sourcecode.c.h; path = PublicTool.h; sourceTree = "<group>"; };
		691BC586224F95C10051725A /* PublicTool.m */ = {isa = PBXFileReference; lastKnownFileType = sourcecode.c.objc; path = PublicTool.m; sourceTree = "<group>"; };
		691BC589224F98E30051725A /* LoginView.h */ = {isa = PBXFileReference; lastKnownFileType = sourcecode.c.h; path = LoginView.h; sourceTree = "<group>"; };
		691BC58A224F98E30051725A /* LoginView.m */ = {isa = PBXFileReference; lastKnownFileType = sourcecode.c.objc; path = LoginView.m; sourceTree = "<group>"; };
		691BC590224FA5820051725A /* MainViewController.h */ = {isa = PBXFileReference; lastKnownFileType = sourcecode.c.h; path = MainViewController.h; sourceTree = "<group>"; };
		691BC591224FA5820051725A /* MainViewController.m */ = {isa = PBXFileReference; lastKnownFileType = sourcecode.c.objc; path = MainViewController.m; sourceTree = "<group>"; };
		691BC593224FA5990051725A /* TabTwoViewController.h */ = {isa = PBXFileReference; lastKnownFileType = sourcecode.c.h; path = TabTwoViewController.h; sourceTree = "<group>"; };
		691BC594224FA5990051725A /* TabTwoViewController.m */ = {isa = PBXFileReference; lastKnownFileType = sourcecode.c.objc; path = TabTwoViewController.m; sourceTree = "<group>"; };
		691BC596224FA5A60051725A /* TabThreeViewController.h */ = {isa = PBXFileReference; lastKnownFileType = sourcecode.c.h; path = TabThreeViewController.h; sourceTree = "<group>"; };
		691BC597224FA5A60051725A /* TabThreeViewController.m */ = {isa = PBXFileReference; lastKnownFileType = sourcecode.c.objc; path = TabThreeViewController.m; sourceTree = "<group>"; };
		691EAA23225DA2CF00450EE9 /* ZKVerifyAlertView.h */ = {isa = PBXFileReference; fileEncoding = 4; lastKnownFileType = sourcecode.c.h; path = ZKVerifyAlertView.h; sourceTree = "<group>"; };
		691EAA25225DA2D000450EE9 /* UIBezierPath+ZKPuzzlePathMaker.h */ = {isa = PBXFileReference; fileEncoding = 4; lastKnownFileType = sourcecode.c.h; path = "UIBezierPath+ZKPuzzlePathMaker.h"; sourceTree = "<group>"; };
		691EAA26225DA2D000450EE9 /* UIBezierPath+ZKPuzzlePathMaker.m */ = {isa = PBXFileReference; fileEncoding = 4; lastKnownFileType = sourcecode.c.objc; path = "UIBezierPath+ZKPuzzlePathMaker.m"; sourceTree = "<group>"; };
		691EAA27225DA2D000450EE9 /* ZKPuzzlePathMaker.h */ = {isa = PBXFileReference; fileEncoding = 4; lastKnownFileType = sourcecode.c.h; path = ZKPuzzlePathMaker.h; sourceTree = "<group>"; };
		691EAA28225DA2D000450EE9 /* ZKPuzzlePathMaker.m */ = {isa = PBXFileReference; fileEncoding = 4; lastKnownFileType = sourcecode.c.objc; path = ZKPuzzlePathMaker.m; sourceTree = "<group>"; };
		691EAA29225DA2D000450EE9 /* ZKPuzzleVerifyView.h */ = {isa = PBXFileReference; fileEncoding = 4; lastKnownFileType = sourcecode.c.h; path = ZKPuzzleVerifyView.h; sourceTree = "<group>"; };
		691EAA2A225DA2D000450EE9 /* ZKPuzzleVerifyView.m */ = {isa = PBXFileReference; fileEncoding = 4; lastKnownFileType = sourcecode.c.objc; path = ZKPuzzleVerifyView.m; sourceTree = "<group>"; };
		691EAA2B225DA2D000450EE9 /* ZKVerifyAlertView.m */ = {isa = PBXFileReference; fileEncoding = 4; lastKnownFileType = sourcecode.c.objc; path = ZKVerifyAlertView.m; sourceTree = "<group>"; };
		691EAA31225DA3A300450EE9 /* 1.jpg */ = {isa = PBXFileReference; lastKnownFileType = image.jpeg; path = 1.jpg; sourceTree = "<group>"; };
		691EAA32225DA3A300450EE9 /* 10.jpg */ = {isa = PBXFileReference; lastKnownFileType = image.jpeg; path = 10.jpg; sourceTree = "<group>"; };
		691EAA33225DA3A300450EE9 /* 11.jpg */ = {isa = PBXFileReference; lastKnownFileType = image.jpeg; path = 11.jpg; sourceTree = "<group>"; };
		691EAA34225DA3A300450EE9 /* 12.jpg */ = {isa = PBXFileReference; lastKnownFileType = image.jpeg; path = 12.jpg; sourceTree = "<group>"; };
		691EAA35225DA3A300450EE9 /* 2.jpg */ = {isa = PBXFileReference; lastKnownFileType = image.jpeg; path = 2.jpg; sourceTree = "<group>"; };
		691EAA36225DA3A300450EE9 /* 3.jpg */ = {isa = PBXFileReference; lastKnownFileType = image.jpeg; path = 3.jpg; sourceTree = "<group>"; };
		691EAA37225DA3A300450EE9 /* 4.jpg */ = {isa = PBXFileReference; lastKnownFileType = image.jpeg; path = 4.jpg; sourceTree = "<group>"; };
		691EAA38225DA3A300450EE9 /* 5.jpg */ = {isa = PBXFileReference; lastKnownFileType = image.jpeg; path = 5.jpg; sourceTree = "<group>"; };
		691EAA39225DA3A300450EE9 /* 6.jpg */ = {isa = PBXFileReference; lastKnownFileType = image.jpeg; path = 6.jpg; sourceTree = "<group>"; };
		691EAA3A225DA3A300450EE9 /* 7.jpg */ = {isa = PBXFileReference; lastKnownFileType = image.jpeg; path = 7.jpg; sourceTree = "<group>"; };
		691EAA3B225DA3A300450EE9 /* 8.jpg */ = {isa = PBXFileReference; lastKnownFileType = image.jpeg; path = 8.jpg; sourceTree = "<group>"; };
		691EAA3C225DA3A300450EE9 /* 9.jpg */ = {isa = PBXFileReference; lastKnownFileType = image.jpeg; path = 9.jpg; sourceTree = "<group>"; };
		692141C4225982980051BD2D /* PartyModel.h */ = {isa = PBXFileReference; lastKnownFileType = sourcecode.c.h; path = PartyModel.h; sourceTree = "<group>"; };
		692141C5225982980051BD2D /* PartyModel.m */ = {isa = PBXFileReference; lastKnownFileType = sourcecode.c.objc; path = PartyModel.m; sourceTree = "<group>"; };
		692141C72259831B0051BD2D /* GetPartyModel.h */ = {isa = PBXFileReference; lastKnownFileType = sourcecode.c.h; path = GetPartyModel.h; sourceTree = "<group>"; };
		692141C82259831B0051BD2D /* GetPartyModel.m */ = {isa = PBXFileReference; lastKnownFileType = sourcecode.c.objc; path = GetPartyModel.m; sourceTree = "<group>"; };
		6925A6E2225303DF0054FFD4 /* RegisterViewController.h */ = {isa = PBXFileReference; lastKnownFileType = sourcecode.c.h; path = RegisterViewController.h; sourceTree = "<group>"; };
		6925A6E3225303DF0054FFD4 /* RegisterViewController.m */ = {isa = PBXFileReference; lastKnownFileType = sourcecode.c.objc; path = RegisterViewController.m; sourceTree = "<group>"; };
		6925A6E5225303FB0054FFD4 /* RegisterView.h */ = {isa = PBXFileReference; lastKnownFileType = sourcecode.c.h; path = RegisterView.h; sourceTree = "<group>"; };
		6925A6E6225303FB0054FFD4 /* RegisterView.m */ = {isa = PBXFileReference; lastKnownFileType = sourcecode.c.objc; path = RegisterView.m; sourceTree = "<group>"; };
		6925A6F022534DE50054FFD4 /* Base64.h */ = {isa = PBXFileReference; fileEncoding = 4; lastKnownFileType = sourcecode.c.h; path = Base64.h; sourceTree = "<group>"; };
		6925A6F122534DE50054FFD4 /* Base64.m */ = {isa = PBXFileReference; fileEncoding = 4; lastKnownFileType = sourcecode.c.objc; path = Base64.m; sourceTree = "<group>"; };
		6925A6F222534DE50054FFD4 /* CocoaSecurity.h */ = {isa = PBXFileReference; fileEncoding = 4; lastKnownFileType = sourcecode.c.h; path = CocoaSecurity.h; sourceTree = "<group>"; };
		6925A6F322534DE50054FFD4 /* CocoaSecurity.m */ = {isa = PBXFileReference; fileEncoding = 4; lastKnownFileType = sourcecode.c.objc; path = CocoaSecurity.m; sourceTree = "<group>"; };
		6925A6F522534DE50054FFD4 /* NSString+Hash.h */ = {isa = PBXFileReference; fileEncoding = 4; lastKnownFileType = sourcecode.c.h; path = "NSString+Hash.h"; sourceTree = "<group>"; };
		6925A6F622534DE50054FFD4 /* NSString+Hash.m */ = {isa = PBXFileReference; fileEncoding = 4; lastKnownFileType = sourcecode.c.objc; path = "NSString+Hash.m"; sourceTree = "<group>"; };
		6925A6F822534DE50054FFD4 /* NSString+Encryption.h */ = {isa = PBXFileReference; fileEncoding = 4; lastKnownFileType = sourcecode.c.h; path = "NSString+Encryption.h"; sourceTree = "<group>"; };
		6925A6F922534DE50054FFD4 /* NSString+Encryption.m */ = {isa = PBXFileReference; fileEncoding = 4; lastKnownFileType = sourcecode.c.objc; path = "NSString+Encryption.m"; sourceTree = "<group>"; };
		6925A6FB22534DE50054FFD4 /* RSA.h */ = {isa = PBXFileReference; fileEncoding = 4; lastKnownFileType = sourcecode.c.h; path = RSA.h; sourceTree = "<group>"; };
		6925A6FC22534DE50054FFD4 /* RSA.m */ = {isa = PBXFileReference; fileEncoding = 4; lastKnownFileType = sourcecode.c.objc; path = RSA.m; sourceTree = "<group>"; };
		6925A70222539D730054FFD4 /* MyBookCell.h */ = {isa = PBXFileReference; lastKnownFileType = sourcecode.c.h; path = MyBookCell.h; sourceTree = "<group>"; };
		6925A70322539D740054FFD4 /* MyBookCell.m */ = {isa = PBXFileReference; lastKnownFileType = sourcecode.c.objc; path = MyBookCell.m; sourceTree = "<group>"; };
		692971B8225AE93B00EC8558 /* SettingViewController.h */ = {isa = PBXFileReference; lastKnownFileType = sourcecode.c.h; path = SettingViewController.h; sourceTree = "<group>"; };
		692971B9225AE93B00EC8558 /* SettingViewController.m */ = {isa = PBXFileReference; lastKnownFileType = sourcecode.c.objc; path = SettingViewController.m; sourceTree = "<group>"; };
		692971BB225AEDA700EC8558 /* AboutUsView.m */ = {isa = PBXFileReference; fileEncoding = 4; lastKnownFileType = sourcecode.c.objc; path = AboutUsView.m; sourceTree = "<group>"; };
		692971BC225AEDA700EC8558 /* AboutUsView.h */ = {isa = PBXFileReference; fileEncoding = 4; lastKnownFileType = sourcecode.c.h; path = AboutUsView.h; sourceTree = "<group>"; };
		C6718E45509947AD131FA60D /* Pods-BookRserve.release.xcconfig */ = {isa = PBXFileReference; includeInIndex = 1; lastKnownFileType = text.xcconfig; name = "Pods-BookRserve.release.xcconfig"; path = "Pods/Target Support Files/Pods-BookRserve/Pods-BookRserve.release.xcconfig"; sourceTree = "<group>"; };
		FD56D802CE8A45D3CB2F1C9E /* Pods-BookRserve.debug.xcconfig */ = {isa = PBXFileReference; includeInIndex = 1; lastKnownFileType = text.xcconfig; name = "Pods-BookRserve.debug.xcconfig"; path = "Pods/Target Support Files/Pods-BookRserve/Pods-BookRserve.debug.xcconfig"; sourceTree = "<group>"; };
/* End PBXFileReference section */

/* Begin PBXFrameworksBuildPhase section */
		691BC54B224F92A60051725A /* Frameworks */ = {
			isa = PBXFrameworksBuildPhase;
			buildActionMask = 2147483647;
			files = (
				CADBDFD1E8D8BF97613C80A9 /* libPods-BookRserve.a in Frameworks */,
			);
			runOnlyForDeploymentPostprocessing = 0;
		};
		691BC563224F92C80051725A /* Frameworks */ = {
			isa = PBXFrameworksBuildPhase;
			buildActionMask = 2147483647;
			files = (
			);
			runOnlyForDeploymentPostprocessing = 0;
		};
		691BC56E224F92C80051725A /* Frameworks */ = {
			isa = PBXFrameworksBuildPhase;
			buildActionMask = 2147483647;
			files = (
			);
			runOnlyForDeploymentPostprocessing = 0;
		};
/* End PBXFrameworksBuildPhase section */

/* Begin PBXGroup section */
		0CEC83CB3186DB4E59D854D8 /* Frameworks */ = {
			isa = PBXGroup;
			children = (
				5F6D26C6ECCBE7C92F2F438F /* libPods-BookRserve.a */,
			);
			name = Frameworks;
			sourceTree = "<group>";
		};
		690B9C162250547600FBEA77 /* Controller */ = {
			isa = PBXGroup;
			children = (
				691BC590224FA5820051725A /* MainViewController.h */,
				691BC591224FA5820051725A /* MainViewController.m */,
				690B9C1E2250B64400FBEA77 /* IssueViewController.h */,
				690B9C1F2250B64400FBEA77 /* IssueViewController.m */,
				69178E6222561807004276B6 /* TakePartBookViewController.h */,
				69178E6322561807004276B6 /* TakePartBookViewController.m */,
				69178E6522561859004276B6 /* BuyBookViewController.h */,
				69178E6622561859004276B6 /* BuyBookViewController.m */,
			);
			path = Controller;
			sourceTree = "<group>";
		};
		690B9C172250548200FBEA77 /* View */ = {
			isa = PBXGroup;
			children = (
				690B9C18225054AC00FBEA77 /* HeaderView.h */,
				690B9C19225054AC00FBEA77 /* HeaderView.m */,
				690B9C242250C46300FBEA77 /* FooterView.h */,
				690B9C252250C46300FBEA77 /* FooterView.m */,
				690B9C1B225060A400FBEA77 /* HaveSellBookCell.h */,
				690B9C1C225060A400FBEA77 /* HaveSellBookCell.m */,
				6925A70222539D730054FFD4 /* MyBookCell.h */,
				6925A70322539D740054FFD4 /* MyBookCell.m */,
				690B9C222250BCD000FBEA77 /* SubmitCell.h */,
				690B9C212250BCD000FBEA77 /* SubmitCell.m */,
			);
			path = View;
			sourceTree = "<group>";
		};
		690B9C272250C99600FBEA77 /* Controller */ = {
			isa = PBXGroup;
			children = (
				691BC593224FA5990051725A /* TabTwoViewController.h */,
				691BC594224FA5990051725A /* TabTwoViewController.m */,
			);
			path = Controller;
			sourceTree = "<group>";
		};
		690B9C282250C9A100FBEA77 /* View */ = {
			isa = PBXGroup;
			children = (
				690B9C292250C9DD00FBEA77 /* buyBookCell.h */,
				690B9C2A2250C9DD00FBEA77 /* buyBookCell.m */,
			);
			path = View;
			sourceTree = "<group>";
		};
		690BF66C2251A15F000C48C8 /* YYModel */ = {
			isa = PBXGroup;
			children = (
				690BF66D2251A15F000C48C8 /* NSObject+YYModel.h */,
				690BF66E2251A15F000C48C8 /* NSObject+YYModel.m */,
				690BF66F2251A15F000C48C8 /* YYClassInfo.h */,
				690BF6702251A15F000C48C8 /* YYClassInfo.m */,
				690BF6712251A15F000C48C8 /* YYModel.h */,
			);
			path = YYModel;
			sourceTree = "<group>";
		};
		690BF6742251A4CE000C48C8 /* Model */ = {
			isa = PBXGroup;
			children = (
				690BF6782251B132000C48C8 /* MyInfoModel.h */,
				690BF6792251B132000C48C8 /* MyInfoModel.m */,
				690BF6752251A527000C48C8 /* MyBookList.h */,
				690BF6762251A527000C48C8 /* MyBookList.m */,
			);
			path = Model;
			sourceTree = "<group>";
		};
		690BF67E2252318F000C48C8 /* Controller */ = {
			isa = PBXGroup;
			children = (
				691BC596224FA5A60051725A /* TabThreeViewController.h */,
				691BC597224FA5A60051725A /* TabThreeViewController.m */,
			);
			path = Controller;
			sourceTree = "<group>";
		};
		690BF67F2252319C000C48C8 /* View */ = {
			isa = PBXGroup;
			children = (
				690BF67C22523185000C48C8 /* ActivityCell.h */,
				690BF67B22523184000C48C8 /* ActivityCell.m */,
			);
			path = View;
			sourceTree = "<group>";
		};
		691BC545224F92A60051725A = {
			isa = PBXGroup;
			children = (
				691BC550224F92A60051725A /* BookRserve */,
				691BC569224F92C80051725A /* BookRserveTests */,
				691BC574224F92C80051725A /* BookRserveUITests */,
				691BC54F224F92A60051725A /* Products */,
				B06233A76EDFCA17B97C4A22 /* Pods */,
				0CEC83CB3186DB4E59D854D8 /* Frameworks */,
			);
			sourceTree = "<group>";
		};
		691BC54F224F92A60051725A /* Products */ = {
			isa = PBXGroup;
			children = (
				691BC54E224F92A60051725A /* BookRserve.app */,
				691BC566224F92C80051725A /* BookRserveTests.xctest */,
				691BC571224F92C80051725A /* BookRserveUITests.xctest */,
			);
			name = Products;
			sourceTree = "<group>";
		};
		691BC550224F92A60051725A /* BookRserve */ = {
			isa = PBXGroup;
			children = (
				691EAA30225DA3A300450EE9 /* Images */,
				691EAA22225DA2A500450EE9 /* ThirdLibrary */,
				691BC551224F92A60051725A /* AppDelegate.h */,
				691BC552224F92A60051725A /* AppDelegate.m */,
				691BC584224F95610051725A /* Common Tool */,
				691BC583224F95300051725A /* Login */,
				6925A6DF225303AA0054FFD4 /* Register */,
				691BC58D224FA53A0051725A /* TabOne */,
				691BC58E224FA5530051725A /* TabTwo */,
				691BC58F224FA55E0051725A /* TabThree */,
				692971B7225AE90A00EC8558 /* Setting */,
				691BC557224F92A60051725A /* Main.storyboard */,
				691BC55A224F92C80051725A /* Assets.xcassets */,
				691BC55C224F92C80051725A /* LaunchScreen.storyboard */,
				691BC55F224F92C80051725A /* Info.plist */,
				691BC560224F92C80051725A /* main.m */,
			);
			path = BookRserve;
			sourceTree = "<group>";
		};
		691BC569224F92C80051725A /* BookRserveTests */ = {
			isa = PBXGroup;
			children = (
				691BC56A224F92C80051725A /* BookRserveTests.m */,
				691BC56C224F92C80051725A /* Info.plist */,
			);
			path = BookRserveTests;
			sourceTree = "<group>";
		};
		691BC574224F92C80051725A /* BookRserveUITests */ = {
			isa = PBXGroup;
			children = (
				691BC575224F92C80051725A /* BookRserveUITests.m */,
				691BC577224F92C80051725A /* Info.plist */,
			);
			path = BookRserveUITests;
			sourceTree = "<group>";
		};
		691BC583224F95300051725A /* Login */ = {
			isa = PBXGroup;
			children = (
				691BC588224F98C60051725A /* Controller */,
				691BC58C224F98E90051725A /* View */,
			);
			path = Login;
			sourceTree = "<group>";
		};
		691BC584224F95610051725A /* Common Tool */ = {
			isa = PBXGroup;
			children = (
				6925A6EF22534DE50054FFD4 /* Encryptions */,
				690BF66C2251A15F000C48C8 /* YYModel */,
				691BC585224F95C10051725A /* PublicTool.h */,
				691BC586224F95C10051725A /* PublicTool.m */,
				690B9C102250470400FBEA77 /* NetWorkTool.h */,
				690B9C112250470400FBEA77 /* NetWorkTool.m */,
			);
			path = "Common Tool";
			sourceTree = "<group>";
		};
		691BC588224F98C60051725A /* Controller */ = {
			isa = PBXGroup;
			children = (
				691BC554224F92A60051725A /* ViewController.h */,
				691BC555224F92A60051725A /* ViewController.m */,
			);
			path = Controller;
			sourceTree = "<group>";
		};
		691BC58C224F98E90051725A /* View */ = {
			isa = PBXGroup;
			children = (
				691BC589224F98E30051725A /* LoginView.h */,
				691BC58A224F98E30051725A /* LoginView.m */,
			);
			path = View;
			sourceTree = "<group>";
		};
		691BC58D224FA53A0051725A /* TabOne */ = {
			isa = PBXGroup;
			children = (
				690BF6742251A4CE000C48C8 /* Model */,
				690B9C172250548200FBEA77 /* View */,
				690B9C162250547600FBEA77 /* Controller */,
			);
			path = TabOne;
			sourceTree = "<group>";
		};
		691BC58E224FA5530051725A /* TabTwo */ = {
			isa = PBXGroup;
			children = (
				690B9C282250C9A100FBEA77 /* View */,
				690B9C272250C99600FBEA77 /* Controller */,
			);
			path = TabTwo;
			sourceTree = "<group>";
		};
		691BC58F224FA55E0051725A /* TabThree */ = {
			isa = PBXGroup;
			children = (
				692141CA225995C90051BD2D /* Model */,
				690BF67F2252319C000C48C8 /* View */,
				690BF67E2252318F000C48C8 /* Controller */,
			);
			path = TabThree;
			sourceTree = "<group>";
		};
		691EAA22225DA2A500450EE9 /* ThirdLibrary */ = {
			isa = PBXGroup;
			children = (
				691EAA24225DA2D000450EE9 /* ZKVerifyAlertView */,
				691EAA23225DA2CF00450EE9 /* ZKVerifyAlertView.h */,
				691EAA2B225DA2D000450EE9 /* ZKVerifyAlertView.m */,
			);
			path = ThirdLibrary;
			sourceTree = "<group>";
		};
		691EAA24225DA2D000450EE9 /* ZKVerifyAlertView */ = {
			isa = PBXGroup;
			children = (
				691EAA25225DA2D000450EE9 /* UIBezierPath+ZKPuzzlePathMaker.h */,
				691EAA26225DA2D000450EE9 /* UIBezierPath+ZKPuzzlePathMaker.m */,
				691EAA27225DA2D000450EE9 /* ZKPuzzlePathMaker.h */,
				691EAA28225DA2D000450EE9 /* ZKPuzzlePathMaker.m */,
				691EAA29225DA2D000450EE9 /* ZKPuzzleVerifyView.h */,
				691EAA2A225DA2D000450EE9 /* ZKPuzzleVerifyView.m */,
			);
			path = ZKVerifyAlertView;
			sourceTree = "<group>";
		};
		691EAA30225DA3A300450EE9 /* Images */ = {
			isa = PBXGroup;
			children = (
				691EAA31225DA3A300450EE9 /* 1.jpg */,
				691EAA32225DA3A300450EE9 /* 10.jpg */,
				691EAA33225DA3A300450EE9 /* 11.jpg */,
				691EAA34225DA3A300450EE9 /* 12.jpg */,
				691EAA35225DA3A300450EE9 /* 2.jpg */,
				691EAA36225DA3A300450EE9 /* 3.jpg */,
				691EAA37225DA3A300450EE9 /* 4.jpg */,
				691EAA38225DA3A300450EE9 /* 5.jpg */,
				691EAA39225DA3A300450EE9 /* 6.jpg */,
				691EAA3A225DA3A300450EE9 /* 7.jpg */,
				691EAA3B225DA3A300450EE9 /* 8.jpg */,
				691EAA3C225DA3A300450EE9 /* 9.jpg */,
			);
			path = Images;
			sourceTree = "<group>";
		};
		692141CA225995C90051BD2D /* Model */ = {
			isa = PBXGroup;
			children = (
				692141C4225982980051BD2D /* PartyModel.h */,
				692141C5225982980051BD2D /* PartyModel.m */,
				692141C72259831B0051BD2D /* GetPartyModel.h */,
				692141C82259831B0051BD2D /* GetPartyModel.m */,
			);
			path = Model;
			sourceTree = "<group>";
		};
		6925A6DF225303AA0054FFD4 /* Register */ = {
			isa = PBXGroup;
			children = (
				6925A6E0225303BC0054FFD4 /* Controller */,
				6925A6E1225303C50054FFD4 /* View */,
			);
			path = Register;
			sourceTree = "<group>";
		};
		6925A6E0225303BC0054FFD4 /* Controller */ = {
			isa = PBXGroup;
			children = (
				6925A6E2225303DF0054FFD4 /* RegisterViewController.h */,
				6925A6E3225303DF0054FFD4 /* RegisterViewController.m */,
			);
			path = Controller;
			sourceTree = "<group>";
		};
		6925A6E1225303C50054FFD4 /* View */ = {
			isa = PBXGroup;
			children = (
				6925A6E5225303FB0054FFD4 /* RegisterView.h */,
				6925A6E6225303FB0054FFD4 /* RegisterView.m */,
			);
			path = View;
			sourceTree = "<group>";
		};
		6925A6EF22534DE50054FFD4 /* Encryptions */ = {
			isa = PBXGroup;
			children = (
				6925A6F022534DE50054FFD4 /* Base64.h */,
				6925A6F122534DE50054FFD4 /* Base64.m */,
				6925A6F222534DE50054FFD4 /* CocoaSecurity.h */,
				6925A6F322534DE50054FFD4 /* CocoaSecurity.m */,
				6925A6F422534DE50054FFD4 /* Hash */,
				6925A6F722534DE50054FFD4 /* NSString+Encryption */,
				6925A6FA22534DE50054FFD4 /* RSAEncrypt */,
			);
			path = Encryptions;
			sourceTree = "<group>";
		};
		6925A6F422534DE50054FFD4 /* Hash */ = {
			isa = PBXGroup;
			children = (
				6925A6F522534DE50054FFD4 /* NSString+Hash.h */,
				6925A6F622534DE50054FFD4 /* NSString+Hash.m */,
			);
			path = Hash;
			sourceTree = "<group>";
		};
		6925A6F722534DE50054FFD4 /* NSString+Encryption */ = {
			isa = PBXGroup;
			children = (
				6925A6F822534DE50054FFD4 /* NSString+Encryption.h */,
				6925A6F922534DE50054FFD4 /* NSString+Encryption.m */,
			);
			path = "NSString+Encryption";
			sourceTree = "<group>";
		};
		6925A6FA22534DE50054FFD4 /* RSAEncrypt */ = {
			isa = PBXGroup;
			children = (
				6925A6FB22534DE50054FFD4 /* RSA.h */,
				6925A6FC22534DE50054FFD4 /* RSA.m */,
			);
			path = RSAEncrypt;
			sourceTree = "<group>";
		};
		692971B7225AE90A00EC8558 /* Setting */ = {
			isa = PBXGroup;
			children = (
				692971B8225AE93B00EC8558 /* SettingViewController.h */,
				692971B9225AE93B00EC8558 /* SettingViewController.m */,
				692971BC225AEDA700EC8558 /* AboutUsView.h */,
				692971BB225AEDA700EC8558 /* AboutUsView.m */,
			);
			path = Setting;
			sourceTree = "<group>";
		};
		B06233A76EDFCA17B97C4A22 /* Pods */ = {
			isa = PBXGroup;
			children = (
				FD56D802CE8A45D3CB2F1C9E /* Pods-BookRserve.debug.xcconfig */,
				C6718E45509947AD131FA60D /* Pods-BookRserve.release.xcconfig */,
			);
			name = Pods;
			sourceTree = "<group>";
		};
/* End PBXGroup section */

/* Begin PBXNativeTarget section */
		691BC54D224F92A60051725A /* BookRserve */ = {
			isa = PBXNativeTarget;
			buildConfigurationList = 691BC57A224F92C80051725A /* Build configuration list for PBXNativeTarget "BookRserve" */;
			buildPhases = (
				7CE27D409FD436A568478296 /* [CP] Check Pods Manifest.lock */,
				691BC54A224F92A60051725A /* Sources */,
				691BC54B224F92A60051725A /* Frameworks */,
				691BC54C224F92A60051725A /* Resources */,
				E8744AF165B1C9619351E511 /* [CP] Copy Pods Resources */,
			);
			buildRules = (
			);
			dependencies = (
			);
			name = BookRserve;
			productName = BookRserve;
			productReference = 691BC54E224F92A60051725A /* BookRserve.app */;
			productType = "com.apple.product-type.application";
		};
		691BC565224F92C80051725A /* BookRserveTests */ = {
			isa = PBXNativeTarget;
			buildConfigurationList = 691BC57D224F92C80051725A /* Build configuration list for PBXNativeTarget "BookRserveTests" */;
			buildPhases = (
				691BC562224F92C80051725A /* Sources */,
				691BC563224F92C80051725A /* Frameworks */,
				691BC564224F92C80051725A /* Resources */,
			);
			buildRules = (
			);
			dependencies = (
				691BC568224F92C80051725A /* PBXTargetDependency */,
			);
			name = BookRserveTests;
			productName = BookRserveTests;
			productReference = 691BC566224F92C80051725A /* BookRserveTests.xctest */;
			productType = "com.apple.product-type.bundle.unit-test";
		};
		691BC570224F92C80051725A /* BookRserveUITests */ = {
			isa = PBXNativeTarget;
			buildConfigurationList = 691BC580224F92C80051725A /* Build configuration list for PBXNativeTarget "BookRserveUITests" */;
			buildPhases = (
				691BC56D224F92C80051725A /* Sources */,
				691BC56E224F92C80051725A /* Frameworks */,
				691BC56F224F92C80051725A /* Resources */,
			);
			buildRules = (
			);
			dependencies = (
				691BC573224F92C80051725A /* PBXTargetDependency */,
			);
			name = BookRserveUITests;
			productName = BookRserveUITests;
			productReference = 691BC571224F92C80051725A /* BookRserveUITests.xctest */;
			productType = "com.apple.product-type.bundle.ui-testing";
		};
/* End PBXNativeTarget section */

/* Begin PBXProject section */
		691BC546224F92A60051725A /* Project object */ = {
			isa = PBXProject;
			attributes = {
				LastUpgradeCheck = 1010;
				ORGANIZATIONNAME = jay;
				TargetAttributes = {
					691BC54D224F92A60051725A = {
						CreatedOnToolsVersion = 10.1;
					};
					691BC565224F92C80051725A = {
						CreatedOnToolsVersion = 10.1;
						TestTargetID = 691BC54D224F92A60051725A;
					};
					691BC570224F92C80051725A = {
						CreatedOnToolsVersion = 10.1;
						TestTargetID = 691BC54D224F92A60051725A;
					};
				};
			};
			buildConfigurationList = 691BC549224F92A60051725A /* Build configuration list for PBXProject "BookRserve" */;
			compatibilityVersion = "Xcode 9.3";
			developmentRegion = en;
			hasScannedForEncodings = 0;
			knownRegions = (
				en,
				Base,
			);
			mainGroup = 691BC545224F92A60051725A;
			productRefGroup = 691BC54F224F92A60051725A /* Products */;
			projectDirPath = "";
			projectRoot = "";
			targets = (
				691BC54D224F92A60051725A /* BookRserve */,
				691BC565224F92C80051725A /* BookRserveTests */,
				691BC570224F92C80051725A /* BookRserveUITests */,
			);
		};
/* End PBXProject section */

/* Begin PBXResourcesBuildPhase section */
		691BC54C224F92A60051725A /* Resources */ = {
			isa = PBXResourcesBuildPhase;
			buildActionMask = 2147483647;
			files = (
				691EAA44225DA3A300450EE9 /* 5.jpg in Resources */,
				691EAA42225DA3A300450EE9 /* 3.jpg in Resources */,
				691EAA3E225DA3A300450EE9 /* 10.jpg in Resources */,
				691EAA48225DA3A300450EE9 /* 9.jpg in Resources */,
				691BC55E224F92C80051725A /* LaunchScreen.storyboard in Resources */,
				691EAA40225DA3A300450EE9 /* 12.jpg in Resources */,
				691EAA3D225DA3A300450EE9 /* 1.jpg in Resources */,
				691EAA47225DA3A300450EE9 /* 8.jpg in Resources */,
				691EAA45225DA3A300450EE9 /* 6.jpg in Resources */,
				691EAA3F225DA3A300450EE9 /* 11.jpg in Resources */,
				691BC55B224F92C80051725A /* Assets.xcassets in Resources */,
				691EAA41225DA3A300450EE9 /* 2.jpg in Resources */,
				691EAA46225DA3A300450EE9 /* 7.jpg in Resources */,
				691EAA43225DA3A300450EE9 /* 4.jpg in Resources */,
				691BC559224F92A60051725A /* Main.storyboard in Resources */,
			);
			runOnlyForDeploymentPostprocessing = 0;
		};
		691BC564224F92C80051725A /* Resources */ = {
			isa = PBXResourcesBuildPhase;
			buildActionMask = 2147483647;
			files = (
			);
			runOnlyForDeploymentPostprocessing = 0;
		};
		691BC56F224F92C80051725A /* Resources */ = {
			isa = PBXResourcesBuildPhase;
			buildActionMask = 2147483647;
			files = (
			);
			runOnlyForDeploymentPostprocessing = 0;
		};
/* End PBXResourcesBuildPhase section */

/* Begin PBXShellScriptBuildPhase section */
		7CE27D409FD436A568478296 /* [CP] Check Pods Manifest.lock */ = {
			isa = PBXShellScriptBuildPhase;
			buildActionMask = 2147483647;
			files = (
			);
			inputFileListPaths = (
			);
			inputPaths = (
				"${PODS_PODFILE_DIR_PATH}/Podfile.lock",
				"${PODS_ROOT}/Manifest.lock",
			);
			name = "[CP] Check Pods Manifest.lock";
			outputFileListPaths = (
			);
			outputPaths = (
				"$(DERIVED_FILE_DIR)/Pods-BookRserve-checkManifestLockResult.txt",
			);
			runOnlyForDeploymentPostprocessing = 0;
			shellPath = /bin/sh;
			shellScript = "diff \"${PODS_PODFILE_DIR_PATH}/Podfile.lock\" \"${PODS_ROOT}/Manifest.lock\" > /dev/null\nif [ $? != 0 ] ; then\n    # print error to STDERR\n    echo \"error: The sandbox is not in sync with the Podfile.lock. Run 'pod install' or update your CocoaPods installation.\" >&2\n    exit 1\nfi\n# This output is used by Xcode 'outputs' to avoid re-running this script phase.\necho \"SUCCESS\" > \"${SCRIPT_OUTPUT_FILE_0}\"\n";
			showEnvVarsInLog = 0;
		};
		E8744AF165B1C9619351E511 /* [CP] Copy Pods Resources */ = {
			isa = PBXShellScriptBuildPhase;
			buildActionMask = 2147483647;
			files = (
			);
			inputFileListPaths = (
			);
			inputPaths = (
				"${SRCROOT}/Pods/Target Support Files/Pods-BookRserve/Pods-BookRserve-resources.sh",
				"${PODS_ROOT}/IQKeyboardManager/IQKeyboardManager/Resources/IQKeyboardManager.bundle",
				"${PODS_ROOT}/MJRefresh/MJRefresh/MJRefresh.bundle",
			);
			name = "[CP] Copy Pods Resources";
			outputFileListPaths = (
			);
			outputPaths = (
				"${TARGET_BUILD_DIR}/${UNLOCALIZED_RESOURCES_FOLDER_PATH}/IQKeyboardManager.bundle",
				"${TARGET_BUILD_DIR}/${UNLOCALIZED_RESOURCES_FOLDER_PATH}/MJRefresh.bundle",
			);
			runOnlyForDeploymentPostprocessing = 0;
			shellPath = /bin/sh;
			shellScript = "\"${SRCROOT}/Pods/Target Support Files/Pods-BookRserve/Pods-BookRserve-resources.sh\"\n";
			showEnvVarsInLog = 0;
		};
/* End PBXShellScriptBuildPhase section */

/* Begin PBXSourcesBuildPhase section */
		691BC54A224F92A60051725A /* Sources */ = {
			isa = PBXSourcesBuildPhase;
			buildActionMask = 2147483647;
			files = (
				6925A70422539D740054FFD4 /* MyBookCell.m in Sources */,
				690BF67A2251B132000C48C8 /* MyInfoModel.m in Sources */,
				690B9C2B2250C9DD00FBEA77 /* buyBookCell.m in Sources */,
				691BC587224F95C10051725A /* PublicTool.m in Sources */,
				690B9C262250C46300FBEA77 /* FooterView.m in Sources */,
				6925A6E4225303DF0054FFD4 /* RegisterViewController.m in Sources */,
				690BF6722251A15F000C48C8 /* NSObject+YYModel.m in Sources */,
				690B9C1A225054AC00FBEA77 /* HeaderView.m in Sources */,
				692971BD225AEDA700EC8558 /* AboutUsView.m in Sources */,
				691BC598224FA5A60051725A /* TabThreeViewController.m in Sources */,
				6925A6FD22534DE50054FFD4 /* Base64.m in Sources */,
				691BC592224FA5820051725A /* MainViewController.m in Sources */,
				692141C92259831B0051BD2D /* GetPartyModel.m in Sources */,
				691BC595224FA5990051725A /* TabTwoViewController.m in Sources */,
				691BC556224F92A60051725A /* ViewController.m in Sources */,
				690BF67D22523185000C48C8 /* ActivityCell.m in Sources */,
				691EAA2C225DA2D000450EE9 /* UIBezierPath+ZKPuzzlePathMaker.m in Sources */,
				691EAA2E225DA2D000450EE9 /* ZKPuzzleVerifyView.m in Sources */,
				690B9C122250470400FBEA77 /* NetWorkTool.m in Sources */,
				691EAA2D225DA2D000450EE9 /* ZKPuzzlePathMaker.m in Sources */,
				691BC561224F92C80051725A /* main.m in Sources */,
				6925A6FE22534DE50054FFD4 /* CocoaSecurity.m in Sources */,
				690B9C202250B64400FBEA77 /* IssueViewController.m in Sources */,
				6925A6E7225303FB0054FFD4 /* RegisterView.m in Sources */,
				692971BA225AE93B00EC8558 /* SettingViewController.m in Sources */,
				6925A6FF22534DE50054FFD4 /* NSString+Hash.m in Sources */,
				692141C6225982980051BD2D /* PartyModel.m in Sources */,
				690B9C232250BCD000FBEA77 /* SubmitCell.m in Sources */,
				690B9C1D225060A400FBEA77 /* HaveSellBookCell.m in Sources */,
				691EAA2F225DA2D000450EE9 /* ZKVerifyAlertView.m in Sources */,
				690BF6772251A527000C48C8 /* MyBookList.m in Sources */,
				691BC58B224F98E30051725A /* LoginView.m in Sources */,
				69178E6422561807004276B6 /* TakePartBookViewController.m in Sources */,
				691BC553224F92A60051725A /* AppDelegate.m in Sources */,
				6925A70122534DE50054FFD4 /* RSA.m in Sources */,
				6925A70022534DE50054FFD4 /* NSString+Encryption.m in Sources */,
				69178E6722561859004276B6 /* BuyBookViewController.m in Sources */,
				690BF6732251A15F000C48C8 /* YYClassInfo.m in Sources */,
			);
			runOnlyForDeploymentPostprocessing = 0;
		};
		691BC562224F92C80051725A /* Sources */ = {
			isa = PBXSourcesBuildPhase;
			buildActionMask = 2147483647;
			files = (
				691BC56B224F92C80051725A /* BookRserveTests.m in Sources */,
			);
			runOnlyForDeploymentPostprocessing = 0;
		};
		691BC56D224F92C80051725A /* Sources */ = {
			isa = PBXSourcesBuildPhase;
			buildActionMask = 2147483647;
			files = (
				691BC576224F92C80051725A /* BookRserveUITests.m in Sources */,
			);
			runOnlyForDeploymentPostprocessing = 0;
		};
/* End PBXSourcesBuildPhase section */

/* Begin PBXTargetDependency section */
		691BC568224F92C80051725A /* PBXTargetDependency */ = {
			isa = PBXTargetDependency;
			target = 691BC54D224F92A60051725A /* BookRserve */;
			targetProxy = 691BC567224F92C80051725A /* PBXContainerItemProxy */;
		};
		691BC573224F92C80051725A /* PBXTargetDependency */ = {
			isa = PBXTargetDependency;
			target = 691BC54D224F92A60051725A /* BookRserve */;
			targetProxy = 691BC572224F92C80051725A /* PBXContainerItemProxy */;
		};
/* End PBXTargetDependency section */

/* Begin PBXVariantGroup section */
		691BC557224F92A60051725A /* Main.storyboard */ = {
			isa = PBXVariantGroup;
			children = (
				691BC558224F92A60051725A /* Base */,
			);
			name = Main.storyboard;
			sourceTree = "<group>";
		};
		691BC55C224F92C80051725A /* LaunchScreen.storyboard */ = {
			isa = PBXVariantGroup;
			children = (
				691BC55D224F92C80051725A /* Base */,
			);
			name = LaunchScreen.storyboard;
			sourceTree = "<group>";
		};
/* End PBXVariantGroup section */

/* Begin XCBuildConfiguration section */
		691BC578224F92C80051725A /* Debug */ = {
			isa = XCBuildConfiguration;
			buildSettings = {
				ALWAYS_SEARCH_USER_PATHS = NO;
				CLANG_ANALYZER_NONNULL = YES;
				CLANG_ANALYZER_NUMBER_OBJECT_CONVERSION = YES_AGGRESSIVE;
				CLANG_CXX_LANGUAGE_STANDARD = "gnu++14";
				CLANG_CXX_LIBRARY = "libc++";
				CLANG_ENABLE_MODULES = YES;
				CLANG_ENABLE_OBJC_ARC = YES;
				CLANG_ENABLE_OBJC_WEAK = YES;
				CLANG_WARN_BLOCK_CAPTURE_AUTORELEASING = YES;
				CLANG_WARN_BOOL_CONVERSION = YES;
				CLANG_WARN_COMMA = YES;
				CLANG_WARN_CONSTANT_CONVERSION = YES;
				CLANG_WARN_DEPRECATED_OBJC_IMPLEMENTATIONS = YES;
				CLANG_WARN_DIRECT_OBJC_ISA_USAGE = YES_ERROR;
				CLANG_WARN_DOCUMENTATION_COMMENTS = YES;
				CLANG_WARN_EMPTY_BODY = YES;
				CLANG_WARN_ENUM_CONVERSION = YES;
				CLANG_WARN_INFINITE_RECURSION = YES;
				CLANG_WARN_INT_CONVERSION = YES;
				CLANG_WARN_NON_LITERAL_NULL_CONVERSION = YES;
				CLANG_WARN_OBJC_IMPLICIT_RETAIN_SELF = YES;
				CLANG_WARN_OBJC_LITERAL_CONVERSION = YES;
				CLANG_WARN_OBJC_ROOT_CLASS = YES_ERROR;
				CLANG_WARN_RANGE_LOOP_ANALYSIS = YES;
				CLANG_WARN_STRICT_PROTOTYPES = YES;
				CLANG_WARN_SUSPICIOUS_MOVE = YES;
				CLANG_WARN_UNGUARDED_AVAILABILITY = YES_AGGRESSIVE;
				CLANG_WARN_UNREACHABLE_CODE = YES;
				CLANG_WARN__DUPLICATE_METHOD_MATCH = YES;
				CODE_SIGN_IDENTITY = "iPhone Developer";
				COPY_PHASE_STRIP = NO;
				DEBUG_INFORMATION_FORMAT = dwarf;
				ENABLE_STRICT_OBJC_MSGSEND = YES;
				ENABLE_TESTABILITY = YES;
				GCC_C_LANGUAGE_STANDARD = gnu11;
				GCC_DYNAMIC_NO_PIC = NO;
				GCC_NO_COMMON_BLOCKS = YES;
				GCC_OPTIMIZATION_LEVEL = 0;
				GCC_PREPROCESSOR_DEFINITIONS = (
					"DEBUG=1",
					"$(inherited)",
				);
				GCC_WARN_64_TO_32_BIT_CONVERSION = YES;
				GCC_WARN_ABOUT_RETURN_TYPE = YES_ERROR;
				GCC_WARN_UNDECLARED_SELECTOR = YES;
				GCC_WARN_UNINITIALIZED_AUTOS = YES_AGGRESSIVE;
				GCC_WARN_UNUSED_FUNCTION = YES;
				GCC_WARN_UNUSED_VARIABLE = YES;
				IPHONEOS_DEPLOYMENT_TARGET = 9.0;
				MTL_ENABLE_DEBUG_INFO = INCLUDE_SOURCE;
				MTL_FAST_MATH = YES;
				ONLY_ACTIVE_ARCH = YES;
				SDKROOT = iphoneos;
			};
			name = Debug;
		};
		691BC579224F92C80051725A /* Release */ = {
			isa = XCBuildConfiguration;
			buildSettings = {
				ALWAYS_SEARCH_USER_PATHS = NO;
				CLANG_ANALYZER_NONNULL = YES;
				CLANG_ANALYZER_NUMBER_OBJECT_CONVERSION = YES_AGGRESSIVE;
				CLANG_CXX_LANGUAGE_STANDARD = "gnu++14";
				CLANG_CXX_LIBRARY = "libc++";
				CLANG_ENABLE_MODULES = YES;
				CLANG_ENABLE_OBJC_ARC = YES;
				CLANG_ENABLE_OBJC_WEAK = YES;
				CLANG_WARN_BLOCK_CAPTURE_AUTORELEASING = YES;
				CLANG_WARN_BOOL_CONVERSION = YES;
				CLANG_WARN_COMMA = YES;
				CLANG_WARN_CONSTANT_CONVERSION = YES;
				CLANG_WARN_DEPRECATED_OBJC_IMPLEMENTATIONS = YES;
				CLANG_WARN_DIRECT_OBJC_ISA_USAGE = YES_ERROR;
				CLANG_WARN_DOCUMENTATION_COMMENTS = YES;
				CLANG_WARN_EMPTY_BODY = YES;
				CLANG_WARN_ENUM_CONVERSION = YES;
				CLANG_WARN_INFINITE_RECURSION = YES;
				CLANG_WARN_INT_CONVERSION = YES;
				CLANG_WARN_NON_LITERAL_NULL_CONVERSION = YES;
				CLANG_WARN_OBJC_IMPLICIT_RETAIN_SELF = YES;
				CLANG_WARN_OBJC_LITERAL_CONVERSION = YES;
				CLANG_WARN_OBJC_ROOT_CLASS = YES_ERROR;
				CLANG_WARN_RANGE_LOOP_ANALYSIS = YES;
				CLANG_WARN_STRICT_PROTOTYPES = YES;
				CLANG_WARN_SUSPICIOUS_MOVE = YES;
				CLANG_WARN_UNGUARDED_AVAILABILITY = YES_AGGRESSIVE;
				CLANG_WARN_UNREACHABLE_CODE = YES;
				CLANG_WARN__DUPLICATE_METHOD_MATCH = YES;
				CODE_SIGN_IDENTITY = "iPhone Developer";
				COPY_PHASE_STRIP = NO;
				DEBUG_INFORMATION_FORMAT = "dwarf-with-dsym";
				ENABLE_NS_ASSERTIONS = NO;
				ENABLE_STRICT_OBJC_MSGSEND = YES;
				GCC_C_LANGUAGE_STANDARD = gnu11;
				GCC_NO_COMMON_BLOCKS = YES;
				GCC_WARN_64_TO_32_BIT_CONVERSION = YES;
				GCC_WARN_ABOUT_RETURN_TYPE = YES_ERROR;
				GCC_WARN_UNDECLARED_SELECTOR = YES;
				GCC_WARN_UNINITIALIZED_AUTOS = YES_AGGRESSIVE;
				GCC_WARN_UNUSED_FUNCTION = YES;
				GCC_WARN_UNUSED_VARIABLE = YES;
				IPHONEOS_DEPLOYMENT_TARGET = 9.0;
				MTL_ENABLE_DEBUG_INFO = NO;
				MTL_FAST_MATH = YES;
				SDKROOT = iphoneos;
				VALIDATE_PRODUCT = YES;
			};
			name = Release;
		};
		691BC57B224F92C80051725A /* Debug */ = {
			isa = XCBuildConfiguration;
			baseConfigurationReference = FD56D802CE8A45D3CB2F1C9E /* Pods-BookRserve.debug.xcconfig */;
			buildSettings = {
				ASSETCATALOG_COMPILER_APPICON_NAME = AppIcon;
				CODE_SIGN_IDENTITY = "iPhone Developer";
				CODE_SIGN_STYLE = Automatic;
				DEVELOPMENT_TEAM = RMFR2QKFBC;
				INFOPLIST_FILE = BookRserve/Info.plist;
				IPHONEOS_DEPLOYMENT_TARGET = 9.0;
				LD_RUNPATH_SEARCH_PATHS = (
					"$(inherited)",
					"@executable_path/Frameworks",
				);
				PRODUCT_BUNDLE_IDENTIFIER = com.BookRserve.App;
				PRODUCT_NAME = "$(TARGET_NAME)";
				PROVISIONING_PROFILE_SPECIFIER = "";
				TARGETED_DEVICE_FAMILY = 1;
			};
			name = Debug;
		};
		691BC57C224F92C80051725A /* Release */ = {
			isa = XCBuildConfiguration;
			baseConfigurationReference = C6718E45509947AD131FA60D /* Pods-BookRserve.release.xcconfig */;
			buildSettings = {
				ASSETCATALOG_COMPILER_APPICON_NAME = AppIcon;
				CODE_SIGN_IDENTITY = "iPhone Developer";
				CODE_SIGN_STYLE = Automatic;
				DEVELOPMENT_TEAM = RMFR2QKFBC;
				INFOPLIST_FILE = BookRserve/Info.plist;
				IPHONEOS_DEPLOYMENT_TARGET = 9.0;
				LD_RUNPATH_SEARCH_PATHS = (
					"$(inherited)",
					"@executable_path/Frameworks",
				);
				PRODUCT_BUNDLE_IDENTIFIER = com.BookRserve.App;
				PRODUCT_NAME = "$(TARGET_NAME)";
				PROVISIONING_PROFILE_SPECIFIER = "";
				TARGETED_DEVICE_FAMILY = 1;
			};
			name = Release;
		};
		691BC57E224F92C80051725A /* Debug */ = {
			isa = XCBuildConfiguration;
			buildSettings = {
				BUNDLE_LOADER = "$(TEST_HOST)";
				CODE_SIGN_STYLE = Automatic;
				DEVELOPMENT_TEAM = 8KCZTK8E38;
				INFOPLIST_FILE = BookRserveTests/Info.plist;
				LD_RUNPATH_SEARCH_PATHS = (
					"$(inherited)",
					"@executable_path/Frameworks",
					"@loader_path/Frameworks",
				);
				PRODUCT_BUNDLE_IDENTIFIER = com.jay.apple.BookRserveTests;
				PRODUCT_NAME = "$(TARGET_NAME)";
				TARGETED_DEVICE_FAMILY = "1,2";
				TEST_HOST = "$(BUILT_PRODUCTS_DIR)/BookRserve.app/BookRserve";
			};
			name = Debug;
		};
		691BC57F224F92C80051725A /* Release */ = {
			isa = XCBuildConfiguration;
			buildSettings = {
				BUNDLE_LOADER = "$(TEST_HOST)";
				CODE_SIGN_STYLE = Automatic;
				DEVELOPMENT_TEAM = 8KCZTK8E38;
				INFOPLIST_FILE = BookRserveTests/Info.plist;
				LD_RUNPATH_SEARCH_PATHS = (
					"$(inherited)",
					"@executable_path/Frameworks",
					"@loader_path/Frameworks",
				);
				PRODUCT_BUNDLE_IDENTIFIER = com.jay.apple.BookRserveTests;
				PRODUCT_NAME = "$(TARGET_NAME)";
				TARGETED_DEVICE_FAMILY = "1,2";
				TEST_HOST = "$(BUILT_PRODUCTS_DIR)/BookRserve.app/BookRserve";
			};
			name = Release;
		};
		691BC581224F92C80051725A /* Debug */ = {
			isa = XCBuildConfiguration;
			buildSettings = {
				CODE_SIGN_STYLE = Automatic;
				DEVELOPMENT_TEAM = 8KCZTK8E38;
				INFOPLIST_FILE = BookRserveUITests/Info.plist;
				LD_RUNPATH_SEARCH_PATHS = (
					"$(inherited)",
					"@executable_path/Frameworks",
					"@loader_path/Frameworks",
				);
				PRODUCT_BUNDLE_IDENTIFIER = com.jay.apple.BookRserveUITests;
				PRODUCT_NAME = "$(TARGET_NAME)";
				TARGETED_DEVICE_FAMILY = "1,2";
				TEST_TARGET_NAME = BookRserve;
			};
			name = Debug;
		};
		691BC582224F92C80051725A /* Release */ = {
			isa = XCBuildConfiguration;
			buildSettings = {
				CODE_SIGN_STYLE = Automatic;
				DEVELOPMENT_TEAM = 8KCZTK8E38;
				INFOPLIST_FILE = BookRserveUITests/Info.plist;
				LD_RUNPATH_SEARCH_PATHS = (
					"$(inherited)",
					"@executable_path/Frameworks",
					"@loader_path/Frameworks",
				);
				PRODUCT_BUNDLE_IDENTIFIER = com.jay.apple.BookRserveUITests;
				PRODUCT_NAME = "$(TARGET_NAME)";
				TARGETED_DEVICE_FAMILY = "1,2";
				TEST_TARGET_NAME = BookRserve;
			};
			name = Release;
		};
/* End XCBuildConfiguration section */

/* Begin XCConfigurationList section */
		691BC549224F92A60051725A /* Build configuration list for PBXProject "BookRserve" */ = {
			isa = XCConfigurationList;
			buildConfigurations = (
				691BC578224F92C80051725A /* Debug */,
				691BC579224F92C80051725A /* Release */,
			);
			defaultConfigurationIsVisible = 0;
			defaultConfigurationName = Release;
		};
		691BC57A224F92C80051725A /* Build configuration list for PBXNativeTarget "BookRserve" */ = {
			isa = XCConfigurationList;
			buildConfigurations = (
				691BC57B224F92C80051725A /* Debug */,
				691BC57C224F92C80051725A /* Release */,
			);
			defaultConfigurationIsVisible = 0;
			defaultConfigurationName = Release;
		};
		691BC57D224F92C80051725A /* Build configuration list for PBXNativeTarget "BookRserveTests" */ = {
			isa = XCConfigurationList;
			buildConfigurations = (
				691BC57E224F92C80051725A /* Debug */,
				691BC57F224F92C80051725A /* Release */,
			);
			defaultConfigurationIsVisible = 0;
			defaultConfigurationName = Release;
		};
		691BC580224F92C80051725A /* Build configuration list for PBXNativeTarget "BookRserveUITests" */ = {
			isa = XCConfigurationList;
			buildConfigurations = (
				691BC581224F92C80051725A /* Debug */,
				691BC582224F92C80051725A /* Release */,
			);
			defaultConfigurationIsVisible = 0;
			defaultConfigurationName = Release;
		};
/* End XCConfigurationList section */
	};
	rootObject = 691BC546224F92A60051725A /* Project object */;
}
